
Microsoft Visual Studio Solution File, Format Version 12.00
# Visual Studio Version 16
VisualStudioVersion = 16.0.810.4
MinimumVisualStudioVersion = 10.0.40219.1
Project("{FAE04EC0-301F-11D3-BF4B-00C04F79EFBC}") = "DependecyInjection3.0", "DependecyInjection3.0\DependecyInjection3.0.csproj", "{C105EF77-3882-41DA-91BD-EBC4B9EB7082}"
EndProject
Global
	GlobalSection(SolutionConfigurationPlatforms) = preSolution
		Debug|anycpu = Debug|anycpu
		Release|anycpu = Release|anycpu
	EndGlobalSection
	GlobalSection(ProjectConfigurationPlatforms) = postSolution
		{C105EF77-3882-41DA-91BD-EBC4B9EB7082}.Debug|anycpu.ActiveCfg = Debug|anycpu
		{C105EF77-3882-41DA-91BD-EBC4B9EB7082}.Debug|anycpu.Build.0 = Debug|anycpu
		{C105EF77-3882-41DA-91BD-EBC4B9EB7082}.Release|anycpu.ActiveCfg = Release|anycpu
		{C105EF77-3882-41DA-91BD-EBC4B9EB7082}.Release|anycpu.Build.0 = Release|anycpu
	EndGlobalSection
	GlobalSection(SolutionProperties) = preSolution
		HideSolutionNode = FALSE
	EndGlobalSection
	GlobalSection(ExtensibilityGlobals) = postSolution
		SolutionGuid = {FFF80288-F275-40B5-AE49-F549F0E7299E}
	EndGlobalSection
EndGlobal
